// !$*UTF8*$!
{
	archiveVersion = 1;
	classes = {
	};
	objectVersion = 51;
	objects = {

/* Begin PBXBuildFile section */
		6056C4EB00866C0EB17431FA /* Pods_ADXLibrary_iOSSample.framework in Frameworks */ = {isa = PBXBuildFile; fileRef = E02F35D850709731EBA5CC04 /* Pods_ADXLibrary_iOSSample.framework */; };
		CCB444BC2625852400AE1664 /* AppDelegate.m in Sources */ = {isa = PBXBuildFile; fileRef = CCB444BB2625852400AE1664 /* AppDelegate.m */; };
		CCB444C22625852400AE1664 /* ViewController.m in Sources */ = {isa = PBXBuildFile; fileRef = CCB444C12625852400AE1664 /* ViewController.m */; };
		CCB444C52625852400AE1664 /* Main.storyboard in Resources */ = {isa = PBXBuildFile; fileRef = CCB444C32625852400AE1664 /* Main.storyboard */; };
		CCB444C72625852500AE1664 /* Assets.xcassets in Resources */ = {isa = PBXBuildFile; fileRef = CCB444C62625852500AE1664 /* Assets.xcassets */; };
		CCB444CA2625852500AE1664 /* LaunchScreen.storyboard in Resources */ = {isa = PBXBuildFile; fileRef = CCB444C82625852500AE1664 /* LaunchScreen.storyboard */; };
		CCB444CD2625852500AE1664 /* main.m in Sources */ = {isa = PBXBuildFile; fileRef = CCB444CC2625852500AE1664 /* main.m */; };
		CCB444EA2625859200AE1664 /* NativeAdView.m in Sources */ = {isa = PBXBuildFile; fileRef = CCB444D72625859200AE1664 /* NativeAdView.m */; };
		CCB444EB2625859200AE1664 /* NativeAdView.xib in Resources */ = {isa = PBXBuildFile; fileRef = CCB444D82625859200AE1664 /* NativeAdView.xib */; };
		CCB444EC2625859200AE1664 /* ADXFullScreenViewController.m in Sources */ = {isa = PBXBuildFile; fileRef = CCB444DC2625859200AE1664 /* ADXFullScreenViewController.m */; };
		CCB444ED2625859200AE1664 /* ADXAdMobRewardViewController.m in Sources */ = {isa = PBXBuildFile; fileRef = CCB444DD2625859200AE1664 /* ADXAdMobRewardViewController.m */; };
		CCB444EE2625859200AE1664 /* ADXBannerViewController.m in Sources */ = {isa = PBXBuildFile; fileRef = CCB444E02625859200AE1664 /* ADXBannerViewController.m */; };
		CCB444EF2625859200AE1664 /* ADXNativeAdPlacerViewController.m in Sources */ = {isa = PBXBuildFile; fileRef = CCB444E32625859200AE1664 /* ADXNativeAdPlacerViewController.m */; };
		CCB444F02625859200AE1664 /* ADXAppWallViewController.m in Sources */ = {isa = PBXBuildFile; fileRef = CCB444E62625859200AE1664 /* ADXAppWallViewController.m */; };
		CCB444F12625859200AE1664 /* ADXRewardViewController.m in Sources */ = {isa = PBXBuildFile; fileRef = CCB444E82625859200AE1664 /* ADXRewardViewController.m */; };
		CCB444F22625859200AE1664 /* ADXNativeAdViewController.m in Sources */ = {isa = PBXBuildFile; fileRef = CCB444E92625859200AE1664 /* ADXNativeAdViewController.m */; };
		CCB4459C2625875700AE1664 /* File.swift in Sources */ = {isa = PBXBuildFile; fileRef = CCB4459B2625875700AE1664 /* File.swift */; };
/* End PBXBuildFile section */

/* Begin PBXFileReference section */
		2E709A88484529032EE61FAC /* Pods-ADXLibrary_iOSSample.debug.xcconfig */ = {isa = PBXFileReference; includeInIndex = 1; lastKnownFileType = text.xcconfig; name = "Pods-ADXLibrary_iOSSample.debug.xcconfig"; path = "Target Support Files/Pods-ADXLibrary_iOSSample/Pods-ADXLibrary_iOSSample.debug.xcconfig"; sourceTree = "<group>"; };
		5BBBBC75A93B035C65B6E913 /* Pods-ADXLibrary_iOSSample.release.xcconfig */ = {isa = PBXFileReference; includeInIndex = 1; lastKnownFileType = text.xcconfig; name = "Pods-ADXLibrary_iOSSample.release.xcconfig"; path = "Target Support Files/Pods-ADXLibrary_iOSSample/Pods-ADXLibrary_iOSSample.release.xcconfig"; sourceTree = "<group>"; };
		CCB444B72625852400AE1664 /* ADXLibrary_iOSSample.app */ = {isa = PBXFileReference; explicitFileType = wrapper.application; includeInIndex = 0; path = ADXLibrary_iOSSample.app; sourceTree = BUILT_PRODUCTS_DIR; };
		CCB444BA2625852400AE1664 /* AppDelegate.h */ = {isa = PBXFileReference; lastKnownFileType = sourcecode.c.h; path = AppDelegate.h; sourceTree = "<group>"; };
		CCB444BB2625852400AE1664 /* AppDelegate.m */ = {isa = PBXFileReference; lastKnownFileType = sourcecode.c.objc; path = AppDelegate.m; sourceTree = "<group>"; };
		CCB444C02625852400AE1664 /* ViewController.h */ = {isa = PBXFileReference; lastKnownFileType = sourcecode.c.h; path = ViewController.h; sourceTree = "<group>"; };
		CCB444C12625852400AE1664 /* ViewController.m */ = {isa = PBXFileReference; lastKnownFileType = sourcecode.c.objc; path = ViewController.m; sourceTree = "<group>"; };
		CCB444C42625852400AE1664 /* Base */ = {isa = PBXFileReference; lastKnownFileType = file.storyboard; name = Base; path = Base.lproj/Main.storyboard; sourceTree = "<group>"; };
		CCB444C62625852500AE1664 /* Assets.xcassets */ = {isa = PBXFileReference; lastKnownFileType = folder.assetcatalog; path = Assets.xcassets; sourceTree = "<group>"; };
		CCB444C92625852500AE1664 /* Base */ = {isa = PBXFileReference; lastKnownFileType = file.storyboard; name = Base; path = Base.lproj/LaunchScreen.storyboard; sourceTree = "<group>"; };
		CCB444CB2625852500AE1664 /* Info.plist */ = {isa = PBXFileReference; lastKnownFileType = text.plist.xml; path = Info.plist; sourceTree = "<group>"; };
		CCB444CC2625852500AE1664 /* main.m */ = {isa = PBXFileReference; lastKnownFileType = sourcecode.c.objc; path = main.m; sourceTree = "<group>"; };
		CCB444D72625859200AE1664 /* NativeAdView.m */ = {isa = PBXFileReference; fileEncoding = 4; lastKnownFileType = sourcecode.c.objc; path = NativeAdView.m; sourceTree = "<group>"; };
		CCB444D82625859200AE1664 /* NativeAdView.xib */ = {isa = PBXFileReference; fileEncoding = 4; lastKnownFileType = file.xib; path = NativeAdView.xib; sourceTree = "<group>"; };
		CCB444D92625859200AE1664 /* NativeAdView.h */ = {isa = PBXFileReference; fileEncoding = 4; lastKnownFileType = sourcecode.c.h; path = NativeAdView.h; sourceTree = "<group>"; };
		CCB444DA2625859200AE1664 /* PrefixHeader.pch */ = {isa = PBXFileReference; fileEncoding = 4; lastKnownFileType = sourcecode.c.h; path = PrefixHeader.pch; sourceTree = "<group>"; };
		CCB444DC2625859200AE1664 /* ADXFullScreenViewController.m */ = {isa = PBXFileReference; fileEncoding = 4; lastKnownFileType = sourcecode.c.objc; path = ADXFullScreenViewController.m; sourceTree = "<group>"; };
		CCB444DD2625859200AE1664 /* ADXAdMobRewardViewController.m */ = {isa = PBXFileReference; fileEncoding = 4; lastKnownFileType = sourcecode.c.objc; path = ADXAdMobRewardViewController.m; sourceTree = "<group>"; };
		CCB444DE2625859200AE1664 /* ADXNativeAdPlacerViewController.h */ = {isa = PBXFileReference; fileEncoding = 4; lastKnownFileType = sourcecode.c.h; path = ADXNativeAdPlacerViewController.h; sourceTree = "<group>"; };
		CCB444DF2625859200AE1664 /* ADXRewardViewController.h */ = {isa = PBXFileReference; fileEncoding = 4; lastKnownFileType = sourcecode.c.h; path = ADXRewardViewController.h; sourceTree = "<group>"; };
		CCB444E02625859200AE1664 /* ADXBannerViewController.m */ = {isa = PBXFileReference; fileEncoding = 4; lastKnownFileType = sourcecode.c.objc; path = ADXBannerViewController.m; sourceTree = "<group>"; };
		CCB444E12625859200AE1664 /* ADXAppWallViewController.h */ = {isa = PBXFileReference; fileEncoding = 4; lastKnownFileType = sourcecode.c.h; path = ADXAppWallViewController.h; sourceTree = "<group>"; };
		CCB444E22625859200AE1664 /* ADXNativeAdViewController.h */ = {isa = PBXFileReference; fileEncoding = 4; lastKnownFileType = sourcecode.c.h; path = ADXNativeAdViewController.h; sourceTree = "<group>"; };
		CCB444E32625859200AE1664 /* ADXNativeAdPlacerViewController.m */ = {isa = PBXFileReference; fileEncoding = 4; lastKnownFileType = sourcecode.c.objc; path = ADXNativeAdPlacerViewController.m; sourceTree = "<group>"; };
		CCB444E42625859200AE1664 /* ADXAdMobRewardViewController.h */ = {isa = PBXFileReference; fileEncoding = 4; lastKnownFileType = sourcecode.c.h; path = ADXAdMobRewardViewController.h; sourceTree = "<group>"; };
		CCB444E52625859200AE1664 /* ADXFullScreenViewController.h */ = {isa = PBXFileReference; fileEncoding = 4; lastKnownFileType = sourcecode.c.h; path = ADXFullScreenViewController.h; sourceTree = "<group>"; };
		CCB444E62625859200AE1664 /* ADXAppWallViewController.m */ = {isa = PBXFileReference; fileEncoding = 4; lastKnownFileType = sourcecode.c.objc; path = ADXAppWallViewController.m; sourceTree = "<group>"; };
		CCB444E72625859200AE1664 /* ADXBannerViewController.h */ = {isa = PBXFileReference; fileEncoding = 4; lastKnownFileType = sourcecode.c.h; path = ADXBannerViewController.h; sourceTree = "<group>"; };
		CCB444E82625859200AE1664 /* ADXRewardViewController.m */ = {isa = PBXFileReference; fileEncoding = 4; lastKnownFileType = sourcecode.c.objc; path = ADXRewardViewController.m; sourceTree = "<group>"; };
		CCB444E92625859200AE1664 /* ADXNativeAdViewController.m */ = {isa = PBXFileReference; fileEncoding = 4; lastKnownFileType = sourcecode.c.objc; path = ADXNativeAdViewController.m; sourceTree = "<group>"; };
		CCB4459A2625875700AE1664 /* ADXLibrary_iOSSample-Bridging-Header.h */ = {isa = PBXFileReference; lastKnownFileType = sourcecode.c.h; path = "ADXLibrary_iOSSample-Bridging-Header.h"; sourceTree = "<group>"; };
		CCB4459B2625875700AE1664 /* File.swift */ = {isa = PBXFileReference; lastKnownFileType = sourcecode.swift; path = File.swift; sourceTree = "<group>"; };
		E02F35D850709731EBA5CC04 /* Pods_ADXLibrary_iOSSample.framework */ = {isa = PBXFileReference; explicitFileType = wrapper.framework; includeInIndex = 0; path = Pods_ADXLibrary_iOSSample.framework; sourceTree = BUILT_PRODUCTS_DIR; };
/* End PBXFileReference section */

/* Begin PBXFrameworksBuildPhase section */
		CCB444B42625852400AE1664 /* Frameworks */ = {
			isa = PBXFrameworksBuildPhase;
			buildActionMask = 2147483647;
			files = (
				6056C4EB00866C0EB17431FA /* Pods_ADXLibrary_iOSSample.framework in Frameworks */,
			);
			runOnlyForDeploymentPostprocessing = 0;
		};
/* End PBXFrameworksBuildPhase section */

/* Begin PBXGroup section */
		75234A841606175806431262 /* Pods */ = {
			isa = PBXGroup;
			children = (
				2E709A88484529032EE61FAC /* Pods-ADXLibrary_iOSSample.debug.xcconfig */,
				5BBBBC75A93B035C65B6E913 /* Pods-ADXLibrary_iOSSample.release.xcconfig */,
			);
			path = Pods;
			sourceTree = "<group>";
		};
		C0BAA3E63C1C4B09236228FE /* Frameworks */ = {
			isa = PBXGroup;
			children = (
				E02F35D850709731EBA5CC04 /* Pods_ADXLibrary_iOSSample.framework */,
			);
			name = Frameworks;
			sourceTree = "<group>";
		};
		CCB444AE2625852400AE1664 = {
			isa = PBXGroup;
			children = (
				CCB444B92625852400AE1664 /* ADXLibrary_iOSSample */,
				CCB444B82625852400AE1664 /* Products */,
				75234A841606175806431262 /* Pods */,
				C0BAA3E63C1C4B09236228FE /* Frameworks */,
			);
			sourceTree = "<group>";
		};
		CCB444B82625852400AE1664 /* Products */ = {
			isa = PBXGroup;
			children = (
				CCB444B72625852400AE1664 /* ADXLibrary_iOSSample.app */,
			);
			name = Products;
			sourceTree = "<group>";
		};
		CCB444B92625852400AE1664 /* ADXLibrary_iOSSample */ = {
			isa = PBXGroup;
			children = (
				CCB444D62625859200AE1664 /* NativeView */,
				CCB444DB2625859200AE1664 /* ADXController */,
				CCB444DA2625859200AE1664 /* PrefixHeader.pch */,
				CCB444BA2625852400AE1664 /* AppDelegate.h */,
				CCB444BB2625852400AE1664 /* AppDelegate.m */,
				CCB444C02625852400AE1664 /* ViewController.h */,
				CCB444C12625852400AE1664 /* ViewController.m */,
				CCB444C32625852400AE1664 /* Main.storyboard */,
				CCB444C62625852500AE1664 /* Assets.xcassets */,
				CCB444C82625852500AE1664 /* LaunchScreen.storyboard */,
				CCB444CB2625852500AE1664 /* Info.plist */,
				CCB444CC2625852500AE1664 /* main.m */,
				CCB4459B2625875700AE1664 /* File.swift */,
				CCB4459A2625875700AE1664 /* ADXLibrary_iOSSample-Bridging-Header.h */,
			);
			path = ADXLibrary_iOSSample;
			sourceTree = "<group>";
		};
		CCB444D62625859200AE1664 /* NativeView */ = {
			isa = PBXGroup;
			children = (
				CCB444D92625859200AE1664 /* NativeAdView.h */,
				CCB444D72625859200AE1664 /* NativeAdView.m */,
				CCB444D82625859200AE1664 /* NativeAdView.xib */,
			);
			path = NativeView;
			sourceTree = "<group>";
		};
		CCB444DB2625859200AE1664 /* ADXController */ = {
			isa = PBXGroup;
			children = (
				CCB444E42625859200AE1664 /* ADXAdMobRewardViewController.h */,
				CCB444DD2625859200AE1664 /* ADXAdMobRewardViewController.m */,
				CCB444E12625859200AE1664 /* ADXAppWallViewController.h */,
				CCB444E62625859200AE1664 /* ADXAppWallViewController.m */,
				CCB444E72625859200AE1664 /* ADXBannerViewController.h */,
				CCB444E02625859200AE1664 /* ADXBannerViewController.m */,
				CCB444E52625859200AE1664 /* ADXFullScreenViewController.h */,
				CCB444DC2625859200AE1664 /* ADXFullScreenViewController.m */,
				CCB444DE2625859200AE1664 /* ADXNativeAdPlacerViewController.h */,
				CCB444E32625859200AE1664 /* ADXNativeAdPlacerViewController.m */,
				CCB444E22625859200AE1664 /* ADXNativeAdViewController.h */,
				CCB444E92625859200AE1664 /* ADXNativeAdViewController.m */,
				CCB444DF2625859200AE1664 /* ADXRewardViewController.h */,
				CCB444E82625859200AE1664 /* ADXRewardViewController.m */,
			);
			path = ADXController;
			sourceTree = "<group>";
		};
/* End PBXGroup section */

/* Begin PBXNativeTarget section */
		CCB444B62625852400AE1664 /* ADXLibrary_iOSSample */ = {
			isa = PBXNativeTarget;
			buildConfigurationList = CCB444D02625852500AE1664 /* Build configuration list for PBXNativeTarget "ADXLibrary_iOSSample" */;
			buildPhases = (
				5552C6F389BF8753457C2EB2 /* [CP] Check Pods Manifest.lock */,
				CCB444B32625852400AE1664 /* Sources */,
				CCB444B42625852400AE1664 /* Frameworks */,
				CCB444B52625852400AE1664 /* Resources */,
				1B8183310229D774EEA7C396 /* [CP] Embed Pods Frameworks */,
				DF748031AAC4D1E0B7A74B96 /* [CP] Copy Pods Resources */,
			);
			buildRules = (
			);
			dependencies = (
			);
			name = ADXLibrary_iOSSample;
			productName = ADXLibrary_iOSSample;
			productReference = CCB444B72625852400AE1664 /* ADXLibrary_iOSSample.app */;
			productType = "com.apple.product-type.application";
		};
/* End PBXNativeTarget section */

/* Begin PBXProject section */
		CCB444AF2625852400AE1664 /* Project object */ = {
			isa = PBXProject;
			attributes = {
				LastUpgradeCheck = 1240;
				TargetAttributes = {
					CCB444B62625852400AE1664 = {
						CreatedOnToolsVersion = 12.4;
						LastSwiftMigration = 1240;
					};
				};
			};
			buildConfigurationList = CCB444B22625852400AE1664 /* Build configuration list for PBXProject "ADXLibrary_iOSSample" */;
			compatibilityVersion = "Xcode 9.3";
			developmentRegion = en;
			hasScannedForEncodings = 0;
			knownRegions = (
				en,
				Base,
			);
			mainGroup = CCB444AE2625852400AE1664;
			productRefGroup = CCB444B82625852400AE1664 /* Products */;
			projectDirPath = "";
			projectRoot = "";
			targets = (
				CCB444B62625852400AE1664 /* ADXLibrary_iOSSample */,
			);
		};
/* End PBXProject section */

/* Begin PBXResourcesBuildPhase section */
		CCB444B52625852400AE1664 /* Resources */ = {
			isa = PBXResourcesBuildPhase;
			buildActionMask = 2147483647;
			files = (
				CCB444EB2625859200AE1664 /* NativeAdView.xib in Resources */,
				CCB444CA2625852500AE1664 /* LaunchScreen.storyboard in Resources */,
				CCB444C72625852500AE1664 /* Assets.xcassets in Resources */,
				CCB444C52625852400AE1664 /* Main.storyboard in Resources */,
			);
			runOnlyForDeploymentPostprocessing = 0;
		};
/* End PBXResourcesBuildPhase section */

/* Begin PBXShellScriptBuildPhase section */
		1B8183310229D774EEA7C396 /* [CP] Embed Pods Frameworks */ = {
			isa = PBXShellScriptBuildPhase;
			buildActionMask = 2147483647;
			files = (
			);
			inputFileListPaths = (
				"${PODS_ROOT}/Target Support Files/Pods-ADXLibrary_iOSSample/Pods-ADXLibrary_iOSSample-frameworks-${CONFIGURATION}-input-files.xcfilelist",
			);
			name = "[CP] Embed Pods Frameworks";
			outputFileListPaths = (
				"${PODS_ROOT}/Target Support Files/Pods-ADXLibrary_iOSSample/Pods-ADXLibrary_iOSSample-frameworks-${CONFIGURATION}-output-files.xcfilelist",
			);
			runOnlyForDeploymentPostprocessing = 0;
			shellPath = /bin/sh;
			shellScript = "\"${PODS_ROOT}/Target Support Files/Pods-ADXLibrary_iOSSample/Pods-ADXLibrary_iOSSample-frameworks.sh\"\n";
			showEnvVarsInLog = 0;
		};
		5552C6F389BF8753457C2EB2 /* [CP] Check Pods Manifest.lock */ = {
			isa = PBXShellScriptBuildPhase;
			buildActionMask = 2147483647;
			files = (
			);
			inputFileListPaths = (
			);
			inputPaths = (
				"${PODS_PODFILE_DIR_PATH}/Podfile.lock",
				"${PODS_ROOT}/Manifest.lock",
			);
			name = "[CP] Check Pods Manifest.lock";
			outputFileListPaths = (
			);
			outputPaths = (
				"$(DERIVED_FILE_DIR)/Pods-ADXLibrary_iOSSample-checkManifestLockResult.txt",
			);
			runOnlyForDeploymentPostprocessing = 0;
			shellPath = /bin/sh;
			shellScript = "diff \"${PODS_PODFILE_DIR_PATH}/Podfile.lock\" \"${PODS_ROOT}/Manifest.lock\" > /dev/null\nif [ $? != 0 ] ; then\n    # print error to STDERR\n    echo \"error: The sandbox is not in sync with the Podfile.lock. Run 'pod install' or update your CocoaPods installation.\" >&2\n    exit 1\nfi\n# This output is used by Xcode 'outputs' to avoid re-running this script phase.\necho \"SUCCESS\" > \"${SCRIPT_OUTPUT_FILE_0}\"\n";
			showEnvVarsInLog = 0;
		};
		DF748031AAC4D1E0B7A74B96 /* [CP] Copy Pods Resources */ = {
			isa = PBXShellScriptBuildPhase;
			buildActionMask = 2147483647;
			files = (
			);
			inputFileListPaths = (
				"${PODS_ROOT}/Target Support Files/Pods-ADXLibrary_iOSSample/Pods-ADXLibrary_iOSSample-resources-${CONFIGURATION}-input-files.xcfilelist",
			);
			name = "[CP] Copy Pods Resources";
			outputFileListPaths = (
				"${PODS_ROOT}/Target Support Files/Pods-ADXLibrary_iOSSample/Pods-ADXLibrary_iOSSample-resources-${CONFIGURATION}-output-files.xcfilelist",
			);
			runOnlyForDeploymentPostprocessing = 0;
			shellPath = /bin/sh;
			shellScript = "\"${PODS_ROOT}/Target Support Files/Pods-ADXLibrary_iOSSample/Pods-ADXLibrary_iOSSample-resources.sh\"\n";
			showEnvVarsInLog = 0;
		};
/* End PBXShellScriptBuildPhase section */

/* Begin PBXSourcesBuildPhase section */
		CCB444B32625852400AE1664 /* Sources */ = {
			isa = PBXSourcesBuildPhase;
			buildActionMask = 2147483647;
			files = (
				CCB444EC2625859200AE1664 /* ADXFullScreenViewController.m in Sources */,
				CCB4459C2625875700AE1664 /* File.swift in Sources */,
				CCB444EF2625859200AE1664 /* ADXNativeAdPlacerViewController.m in Sources */,
				CCB444F02625859200AE1664 /* ADXAppWallViewController.m in Sources */,
				CCB444EA2625859200AE1664 /* NativeAdView.m in Sources */,
				CCB444C22625852400AE1664 /* ViewController.m in Sources */,
				CCB444BC2625852400AE1664 /* AppDelegate.m in Sources */,
				CCB444F22625859200AE1664 /* ADXNativeAdViewController.m in Sources */,
				CCB444EE2625859200AE1664 /* ADXBannerViewController.m in Sources */,
				CCB444F12625859200AE1664 /* ADXRewardViewController.m in Sources */,
				CCB444CD2625852500AE1664 /* main.m in Sources */,
				CCB444ED2625859200AE1664 /* ADXAdMobRewardViewController.m in Sources */,
			);
			runOnlyForDeploymentPostprocessing = 0;
		};
/* End PBXSourcesBuildPhase section */

/* Begin PBXVariantGroup section */
		CCB444C32625852400AE1664 /* Main.storyboard */ = {
			isa = PBXVariantGroup;
			children = (
				CCB444C42625852400AE1664 /* Base */,
			);
			name = Main.storyboard;
			sourceTree = "<group>";
		};
		CCB444C82625852500AE1664 /* LaunchScreen.storyboard */ = {
			isa = PBXVariantGroup;
			children = (
				CCB444C92625852500AE1664 /* Base */,
			);
			name = LaunchScreen.storyboard;
			sourceTree = "<group>";
		};
/* End PBXVariantGroup section */

/* Begin XCBuildConfiguration section */
		CCB444CE2625852500AE1664 /* Debug */ = {
			isa = XCBuildConfiguration;
			buildSettings = {
				ALWAYS_SEARCH_USER_PATHS = NO;
				CLANG_ANALYZER_NONNULL = YES;
				CLANG_ANALYZER_NUMBER_OBJECT_CONVERSION = YES_AGGRESSIVE;
				CLANG_CXX_LANGUAGE_STANDARD = "gnu++14";
				CLANG_CXX_LIBRARY = "libc++";
				CLANG_ENABLE_MODULES = YES;
				CLANG_ENABLE_OBJC_ARC = YES;
				CLANG_ENABLE_OBJC_WEAK = YES;
				CLANG_WARN_BLOCK_CAPTURE_AUTORELEASING = YES;
				CLANG_WARN_BOOL_CONVERSION = YES;
				CLANG_WARN_COMMA = YES;
				CLANG_WARN_CONSTANT_CONVERSION = YES;
				CLANG_WARN_DEPRECATED_OBJC_IMPLEMENTATIONS = YES;
				CLANG_WARN_DIRECT_OBJC_ISA_USAGE = YES_ERROR;
				CLANG_WARN_DOCUMENTATION_COMMENTS = YES;
				CLANG_WARN_EMPTY_BODY = YES;
				CLANG_WARN_ENUM_CONVERSION = YES;
				CLANG_WARN_INFINITE_RECURSION = YES;
				CLANG_WARN_INT_CONVERSION = YES;
				CLANG_WARN_NON_LITERAL_NULL_CONVERSION = YES;
				CLANG_WARN_OBJC_IMPLICIT_RETAIN_SELF = YES;
				CLANG_WARN_OBJC_LITERAL_CONVERSION = YES;
				CLANG_WARN_OBJC_ROOT_CLASS = YES_ERROR;
				CLANG_WARN_QUOTED_INCLUDE_IN_FRAMEWORK_HEADER = YES;
				CLANG_WARN_RANGE_LOOP_ANALYSIS = YES;
				CLANG_WARN_STRICT_PROTOTYPES = YES;
				CLANG_WARN_SUSPICIOUS_MOVE = YES;
				CLANG_WARN_UNGUARDED_AVAILABILITY = YES_AGGRESSIVE;
				CLANG_WARN_UNREACHABLE_CODE = YES;
				CLANG_WARN__DUPLICATE_METHOD_MATCH = YES;
				COPY_PHASE_STRIP = NO;
				DEBUG_INFORMATION_FORMAT = dwarf;
				ENABLE_STRICT_OBJC_MSGSEND = YES;
				ENABLE_TESTABILITY = YES;
				GCC_C_LANGUAGE_STANDARD = gnu11;
				GCC_DYNAMIC_NO_PIC = NO;
				GCC_NO_COMMON_BLOCKS = YES;
				GCC_OPTIMIZATION_LEVEL = 0;
				GCC_PREFIX_HEADER = ADXLibrary_iOSSample/PrefixHeader.pch;
				GCC_PREPROCESSOR_DEFINITIONS = (
					"DEBUG=1",
					"$(inherited)",
				);
				GCC_WARN_64_TO_32_BIT_CONVERSION = YES;
				GCC_WARN_ABOUT_RETURN_TYPE = YES_ERROR;
				GCC_WARN_UNDECLARED_SELECTOR = YES;
				GCC_WARN_UNINITIALIZED_AUTOS = YES_AGGRESSIVE;
				GCC_WARN_UNUSED_FUNCTION = YES;
				GCC_WARN_UNUSED_VARIABLE = YES;
				IPHONEOS_DEPLOYMENT_TARGET = 10.0;
				MTL_ENABLE_DEBUG_INFO = INCLUDE_SOURCE;
				MTL_FAST_MATH = YES;
				ONLY_ACTIVE_ARCH = YES;
				SDKROOT = iphoneos;
			};
			name = Debug;
		};
		CCB444CF2625852500AE1664 /* Release */ = {
			isa = XCBuildConfiguration;
			buildSettings = {
				ALWAYS_SEARCH_USER_PATHS = NO;
				CLANG_ANALYZER_NONNULL = YES;
				CLANG_ANALYZER_NUMBER_OBJECT_CONVERSION = YES_AGGRESSIVE;
				CLANG_CXX_LANGUAGE_STANDARD = "gnu++14";
				CLANG_CXX_LIBRARY = "libc++";
				CLANG_ENABLE_MODULES = YES;
				CLANG_ENABLE_OBJC_ARC = YES;
				CLANG_ENABLE_OBJC_WEAK = YES;
				CLANG_WARN_BLOCK_CAPTURE_AUTORELEASING = YES;
				CLANG_WARN_BOOL_CONVERSION = YES;
				CLANG_WARN_COMMA = YES;
				CLANG_WARN_CONSTANT_CONVERSION = YES;
				CLANG_WARN_DEPRECATED_OBJC_IMPLEMENTATIONS = YES;
				CLANG_WARN_DIRECT_OBJC_ISA_USAGE = YES_ERROR;
				CLANG_WARN_DOCUMENTATION_COMMENTS = YES;
				CLANG_WARN_EMPTY_BODY = YES;
				CLANG_WARN_ENUM_CONVERSION = YES;
				CLANG_WARN_INFINITE_RECURSION = YES;
				CLANG_WARN_INT_CONVERSION = YES;
				CLANG_WARN_NON_LITERAL_NULL_CONVERSION = YES;
				CLANG_WARN_OBJC_IMPLICIT_RETAIN_SELF = YES;
				CLANG_WARN_OBJC_LITERAL_CONVERSION = YES;
				CLANG_WARN_OBJC_ROOT_CLASS = YES_ERROR;
				CLANG_WARN_QUOTED_INCLUDE_IN_FRAMEWORK_HEADER = YES;
				CLANG_WARN_RANGE_LOOP_ANALYSIS = YES;
				CLANG_WARN_STRICT_PROTOTYPES = YES;
				CLANG_WARN_SUSPICIOUS_MOVE = YES;
				CLANG_WARN_UNGUARDED_AVAILABILITY = YES_AGGRESSIVE;
				CLANG_WARN_UNREACHABLE_CODE = YES;
				CLANG_WARN__DUPLICATE_METHOD_MATCH = YES;
				COPY_PHASE_STRIP = NO;
				DEBUG_INFORMATION_FORMAT = "dwarf-with-dsym";
				ENABLE_NS_ASSERTIONS = NO;
				ENABLE_STRICT_OBJC_MSGSEND = YES;
				GCC_C_LANGUAGE_STANDARD = gnu11;
				GCC_NO_COMMON_BLOCKS = YES;
				GCC_PREFIX_HEADER = ADXLibrary_iOSSample/PrefixHeader.pch;
				GCC_WARN_64_TO_32_BIT_CONVERSION = YES;
				GCC_WARN_ABOUT_RETURN_TYPE = YES_ERROR;
				GCC_WARN_UNDECLARED_SELECTOR = YES;
				GCC_WARN_UNINITIALIZED_AUTOS = YES_AGGRESSIVE;
				GCC_WARN_UNUSED_FUNCTION = YES;
				GCC_WARN_UNUSED_VARIABLE = YES;
				IPHONEOS_DEPLOYMENT_TARGET = 10.0;
				MTL_ENABLE_DEBUG_INFO = NO;
				MTL_FAST_MATH = YES;
				SDKROOT = iphoneos;
				VALIDATE_PRODUCT = YES;
			};
			name = Release;
		};
		CCB444D12625852500AE1664 /* Debug */ = {
			isa = XCBuildConfiguration;
			baseConfigurationReference = 2E709A88484529032EE61FAC /* Pods-ADXLibrary_iOSSample.debug.xcconfig */;
			buildSettings = {
				ASSETCATALOG_COMPILER_APPICON_NAME = AppIcon;
				ASSETCATALOG_COMPILER_GLOBAL_ACCENT_COLOR_NAME = AccentColor;
				CLANG_ENABLE_MODULES = YES;
				CODE_SIGN_STYLE = Automatic;
				DEVELOPMENT_TEAM = 6V6UAGM9A4;
				"EXCLUDED_ARCHS[sdk=iphonesimulator*]" = arm64;
				INFOPLIST_FILE = ADXLibrary_iOSSample/Info.plist;
				IPHONEOS_DEPLOYMENT_TARGET = 10.0;
				LD_RUNPATH_SEARCH_PATHS = (
					"$(inherited)",
					"@executable_path/Frameworks",
				);
				PRODUCT_BUNDLE_IDENTIFIER = com.adxcorp.adxdev;
				PRODUCT_NAME = "$(TARGET_NAME)";
				SWIFT_OBJC_BRIDGING_HEADER = "ADXLibrary_iOSSample/ADXLibrary_iOSSample-Bridging-Header.h";
				SWIFT_OPTIMIZATION_LEVEL = "-Onone";
				SWIFT_VERSION = 5.0;
				TARGETED_DEVICE_FAMILY = "1,2";
			};
			name = Debug;
		};
		CCB444D22625852500AE1664 /* Release */ = {
			isa = XCBuildConfiguration;
			baseConfigurationReference = 5BBBBC75A93B035C65B6E913 /* Pods-ADXLibrary_iOSSample.release.xcconfig */;
			buildSettings = {
				ASSETCATALOG_COMPILER_APPICON_NAME = AppIcon;
				ASSETCATALOG_COMPILER_GLOBAL_ACCENT_COLOR_NAME = AccentColor;
				CLANG_ENABLE_MODULES = YES;
				CODE_SIGN_STYLE = Automatic;
				DEVELOPMENT_TEAM = 6V6UAGM9A4;
				"EXCLUDED_ARCHS[sdk=iphonesimulator*]" = arm64;
				INFOPLIST_FILE = ADXLibrary_iOSSample/Info.plist;
				IPHONEOS_DEPLOYMENT_TARGET = 10.0;
				LD_RUNPATH_SEARCH_PATHS = (
					"$(inherited)",
					"@executable_path/Frameworks",
				);
				PRODUCT_BUNDLE_IDENTIFIER = com.adxcorp.adxdev;
				PRODUCT_NAME = "$(TARGET_NAME)";
				SWIFT_OBJC_BRIDGING_HEADER = "ADXLibrary_iOSSample/ADXLibrary_iOSSample-Bridging-Header.h";
				SWIFT_VERSION = 5.0;
				TARGETED_DEVICE_FAMILY = "1,2";
			};
			name = Release;
		};
/* End XCBuildConfiguration section */

/* Begin XCConfigurationList section */
		CCB444B22625852400AE1664 /* Build configuration list for PBXProject "ADXLibrary_iOSSample" */ = {
			isa = XCConfigurationList;
			buildConfigurations = (
				CCB444CE2625852500AE1664 /* Debug */,
				CCB444CF2625852500AE1664 /* Release */,
			);
			defaultConfigurationIsVisible = 0;
			defaultConfigurationName = Release;
		};
		CCB444D02625852500AE1664 /* Build configuration list for PBXNativeTarget "ADXLibrary_iOSSample" */ = {
			isa = XCConfigurationList;
			buildConfigurations = (
				CCB444D12625852500AE1664 /* Debug */,
				CCB444D22625852500AE1664 /* Release */,
			);
			defaultConfigurationIsVisible = 0;
			defaultConfigurationName = Release;
		};
/* End XCConfigurationList section */
	};
	rootObject = CCB444AF2625852400AE1664 /* Project object */;
}
